
Microsoft Visual Studio Solution File, Format Version 12.00
# Visual Studio Version 17
VisualStudioVersion = 17.12.35728.132 d17.12
MinimumVisualStudioVersion = 10.0.40219.1
Project("{FAE04EC0-301F-11D3-BF4B-00C04F79EFBC}") = "Crud_practica_gestion_empleado", "Crud_practica_gestion_empleado\Crud_practica_gestion_empleado.csproj", "{CF29AC5F-4DA7-46E5-A6CD-7C6346DCBAFE}"
EndProject
Global
	GlobalSection(SolutionConfigurationPlatforms) = preSolution
		Debug|Any CPU = Debug|Any CPU
		Release|Any CPU = Release|Any CPU
	EndGlobalSection
	GlobalSection(ProjectConfigurationPlatforms) = postSolution
		{CF29AC5F-4DA7-46E5-A6CD-7C6346DCBAFE}.Debug|Any CPU.ActiveCfg = Debug|Any CPU
		{CF29AC5F-4DA7-46E5-A6CD-7C6346DCBAFE}.Debug|Any CPU.Build.0 = Debug|Any CPU
		{CF29AC5F-4DA7-46E5-A6CD-7C6346DCBAFE}.Release|Any CPU.ActiveCfg = Release|Any CPU
		{CF29AC5F-4DA7-46E5-A6CD-7C6346DCBAFE}.Release|Any CPU.Build.0 = Release|Any CPU
	EndGlobalSection
	GlobalSection(SolutionProperties) = preSolution
		HideSolutionNode = FALSE
	EndGlobalSection
EndGlobal
